PODS:
  - BoringSSL-GRPC (0.0.2):
    - BoringSSL-GRPC/Implementation (= 0.0.2)
    - BoringSSL-GRPC/Interface (= 0.0.2)
  - BoringSSL-GRPC/Implementation (0.0.2):
    - BoringSSL-GRPC/Interface (= 0.0.2)
  - BoringSSL-GRPC/Interface (0.0.2)
  - FontAwesomeIconFactory (3.0)
  - gRPC (1.16.0):
    - gRPC-RxLibrary (= 1.16.0)
    - gRPC/Main (= 1.16.0)
  - gRPC-Core (1.16.0):
    - gRPC-Core/Implementation (= 1.16.0)
    - gRPC-Core/Interface (= 1.16.0)
  - gRPC-Core/Implementation (1.16.0):
    - BoringSSL-GRPC (= 0.0.2)
    - gRPC-Core/Interface (= 1.16.0)
    - nanopb (~> 0.3)
  - gRPC-Core/Interface (1.16.0)
  - gRPC-ProtoRPC (1.16.0):
    - gRPC-ProtoRPC/Main (= 1.16.0)
  - gRPC-ProtoRPC/Main (1.16.0):
    - gRPC (= 1.16.0)
    - gRPC-RxLibrary (= 1.16.0)
    - Protobuf (~> 3.0)
  - gRPC-RxLibrary (1.16.0)
  - gRPC/Main (1.16.0):
    - gRPC-Core (= 1.16.0)
    - gRPC-RxLibrary (= 1.16.0)
  - Mapbox-iOS-SDK (4.5.0)
  - nanopb (0.3.901):
    - nanopb/decode (= 0.3.901)
    - nanopb/encode (= 0.3.901)
  - nanopb/decode (0.3.901)
  - nanopb/encode (0.3.901)
  - Protobuf (3.6.1)
  - TRVSEventSource (0.0.8)

DEPENDENCIES:
  - FontAwesomeIconFactory
  - gRPC-ProtoRPC
  - Mapbox-iOS-SDK (~> 4.5)
  - TRVSEventSource (~> 0.0.8)

SPEC REPOS:
  https://github.com/cocoapods/specs.git:
    - BoringSSL-GRPC
    - FontAwesomeIconFactory
    - gRPC
    - gRPC-Core
    - gRPC-ProtoRPC
    - gRPC-RxLibrary
    - Mapbox-iOS-SDK
    - nanopb
    - Protobuf
    - TRVSEventSource

SPEC CHECKSUMS:
  BoringSSL-GRPC: 2a230d9cd93e7ce39916044f645cebb31f37dde6
  FontAwesomeIconFactory: dfc89a126ff158d3a642aeeb265eaa9b179ad496
  gRPC: e35d5286c526bb4dd03662a314dce9599b83b3a5
  gRPC-Core: 24f0344f259b87b477cfd50e1c80a743bbc48113
  gRPC-ProtoRPC: 3d07afd59f65bf29f0456724978035d2d12e903e
  gRPC-RxLibrary: a4bfc6fbb4fb5ed45f85a2317435bc08ace76ac5
  Mapbox-iOS-SDK: fb9dde66106a8f10d351f9697ac198049c8e5511
  nanopb: 2901f78ea1b7b4015c860c2fdd1ea2fee1a18d48
  Protobuf: 1eb9700044745f00181c136ef21b8ff3ad5a0fd5
  TRVSEventSource: 19fb940e0351ceb97125d46fd40cd55e339568d8

PODFILE CHECKSUM: e953179747133365d5c9467ecaf7ca8d3d45fda2

COCOAPODS: 1.5.3
